
Microsoft Visual Studio Solution File, Format Version 12.00
# Visual Studio 14
VisualStudioVersion = 14.0.24720.0
MinimumVisualStudioVersion = 10.0.40219.1
Project("{FAE04EC0-301F-11D3-BF4B-00C04F79EFBC}") = "UserInterface", "UserInterface\UserInterface.csproj", "{DAF05D63-E8CE-459B-BFC0-42C09A27E1A6}"
EndProject
Project("{FAE04EC0-301F-11D3-BF4B-00C04F79EFBC}") = "AudioModule", "AudioModule\AudioModule.csproj", "{4C4B6096-412C-4804-B43F-14EB221924EC}"
EndProject
Project("{FAE04EC0-301F-11D3-BF4B-00C04F79EFBC}") = "CameraModule", "CameraModule\CameraModule.csproj", "{A944ED83-C104-49E5-A363-2127863B92BC}"
EndProject
Project("{FAE04EC0-301F-11D3-BF4B-00C04F79EFBC}") = "CoreModule", "CoreModule\CoreModule.csproj", "{63D18EF8-F5C5-4FCA-A02D-60BF4520FEBA}"
EndProject
Project("{2150E333-8FDC-42A3-9474-1A3956D46DE8}") = "lib", "lib", "{8A5809B6-0A32-4BEE-8A3E-74AE4F73DE92}"
	ProjectSection(SolutionItems) = preProject
		lib\libpxcclr.cs.dll = lib\libpxcclr.cs.dll
		lib\libpxccpp2c.dll = lib\libpxccpp2c.dll
	EndProjectSection
EndProject
Project("{FAE04EC0-301F-11D3-BF4B-00C04F79EFBC}") = "DataAccessModule", "DataAccessModule\DataAccessModule.csproj", "{5DD4B582-299C-43F9-9A7B-D43FDF7248B2}"
EndProject
Global
	GlobalSection(SolutionConfigurationPlatforms) = preSolution
		Debug|Any CPU = Debug|Any CPU
		Debug|x64 = Debug|x64
		Debug|x86 = Debug|x86
		Release|Any CPU = Release|Any CPU
		Release|x64 = Release|x64
		Release|x86 = Release|x86
	EndGlobalSection
	GlobalSection(ProjectConfigurationPlatforms) = postSolution
		{DAF05D63-E8CE-459B-BFC0-42C09A27E1A6}.Debug|Any CPU.ActiveCfg = Debug|Any CPU
		{DAF05D63-E8CE-459B-BFC0-42C09A27E1A6}.Debug|Any CPU.Build.0 = Debug|Any CPU
		{DAF05D63-E8CE-459B-BFC0-42C09A27E1A6}.Debug|x64.ActiveCfg = Debug|x64
		{DAF05D63-E8CE-459B-BFC0-42C09A27E1A6}.Debug|x64.Build.0 = Debug|x64
		{DAF05D63-E8CE-459B-BFC0-42C09A27E1A6}.Debug|x86.ActiveCfg = Debug|Any CPU
		{DAF05D63-E8CE-459B-BFC0-42C09A27E1A6}.Debug|x86.Build.0 = Debug|Any CPU
		{DAF05D63-E8CE-459B-BFC0-42C09A27E1A6}.Release|Any CPU.ActiveCfg = Release|Any CPU
		{DAF05D63-E8CE-459B-BFC0-42C09A27E1A6}.Release|Any CPU.Build.0 = Release|Any CPU
		{DAF05D63-E8CE-459B-BFC0-42C09A27E1A6}.Release|x64.ActiveCfg = Release|Any CPU
		{DAF05D63-E8CE-459B-BFC0-42C09A27E1A6}.Release|x64.Build.0 = Release|Any CPU
		{DAF05D63-E8CE-459B-BFC0-42C09A27E1A6}.Release|x86.ActiveCfg = Release|Any CPU
		{DAF05D63-E8CE-459B-BFC0-42C09A27E1A6}.Release|x86.Build.0 = Release|Any CPU
		{4C4B6096-412C-4804-B43F-14EB221924EC}.Debug|Any CPU.ActiveCfg = Debug|Any CPU
		{4C4B6096-412C-4804-B43F-14EB221924EC}.Debug|Any CPU.Build.0 = Debug|Any CPU
		{4C4B6096-412C-4804-B43F-14EB221924EC}.Debug|x64.ActiveCfg = Debug|x64
		{4C4B6096-412C-4804-B43F-14EB221924EC}.Debug|x64.Build.0 = Debug|x64
		{4C4B6096-412C-4804-B43F-14EB221924EC}.Debug|x86.ActiveCfg = Debug|Any CPU
		{4C4B6096-412C-4804-B43F-14EB221924EC}.Debug|x86.Build.0 = Debug|Any CPU
		{4C4B6096-412C-4804-B43F-14EB221924EC}.Release|Any CPU.ActiveCfg = Release|Any CPU
		{4C4B6096-412C-4804-B43F-14EB221924EC}.Release|Any CPU.Build.0 = Release|Any CPU
		{4C4B6096-412C-4804-B43F-14EB221924EC}.Release|x64.ActiveCfg = Release|Any CPU
		{4C4B6096-412C-4804-B43F-14EB221924EC}.Release|x64.Build.0 = Release|Any CPU
		{4C4B6096-412C-4804-B43F-14EB221924EC}.Release|x86.ActiveCfg = Release|Any CPU
		{4C4B6096-412C-4804-B43F-14EB221924EC}.Release|x86.Build.0 = Release|Any CPU
		{A944ED83-C104-49E5-A363-2127863B92BC}.Debug|Any CPU.ActiveCfg = Debug|Any CPU
		{A944ED83-C104-49E5-A363-2127863B92BC}.Debug|Any CPU.Build.0 = Debug|Any CPU
		{A944ED83-C104-49E5-A363-2127863B92BC}.Debug|x64.ActiveCfg = Debug|x64
		{A944ED83-C104-49E5-A363-2127863B92BC}.Debug|x64.Build.0 = Debug|x64
		{A944ED83-C104-49E5-A363-2127863B92BC}.Debug|x86.ActiveCfg = Debug|Any CPU
		{A944ED83-C104-49E5-A363-2127863B92BC}.Debug|x86.Build.0 = Debug|Any CPU
		{A944ED83-C104-49E5-A363-2127863B92BC}.Release|Any CPU.ActiveCfg = Release|Any CPU
		{A944ED83-C104-49E5-A363-2127863B92BC}.Release|Any CPU.Build.0 = Release|Any CPU
		{A944ED83-C104-49E5-A363-2127863B92BC}.Release|x64.ActiveCfg = Release|Any CPU
		{A944ED83-C104-49E5-A363-2127863B92BC}.Release|x64.Build.0 = Release|Any CPU
		{A944ED83-C104-49E5-A363-2127863B92BC}.Release|x86.ActiveCfg = Release|Any CPU
		{A944ED83-C104-49E5-A363-2127863B92BC}.Release|x86.Build.0 = Release|Any CPU
		{63D18EF8-F5C5-4FCA-A02D-60BF4520FEBA}.Debug|Any CPU.ActiveCfg = Debug|Any CPU
		{63D18EF8-F5C5-4FCA-A02D-60BF4520FEBA}.Debug|Any CPU.Build.0 = Debug|Any CPU
		{63D18EF8-F5C5-4FCA-A02D-60BF4520FEBA}.Debug|x64.ActiveCfg = Debug|x64
		{63D18EF8-F5C5-4FCA-A02D-60BF4520FEBA}.Debug|x64.Build.0 = Debug|x64
		{63D18EF8-F5C5-4FCA-A02D-60BF4520FEBA}.Debug|x86.ActiveCfg = Debug|Any CPU
		{63D18EF8-F5C5-4FCA-A02D-60BF4520FEBA}.Debug|x86.Build.0 = Debug|Any CPU
		{63D18EF8-F5C5-4FCA-A02D-60BF4520FEBA}.Release|Any CPU.ActiveCfg = Release|Any CPU
		{63D18EF8-F5C5-4FCA-A02D-60BF4520FEBA}.Release|Any CPU.Build.0 = Release|Any CPU
		{63D18EF8-F5C5-4FCA-A02D-60BF4520FEBA}.Release|x64.ActiveCfg = Release|Any CPU
		{63D18EF8-F5C5-4FCA-A02D-60BF4520FEBA}.Release|x64.Build.0 = Release|Any CPU
		{63D18EF8-F5C5-4FCA-A02D-60BF4520FEBA}.Release|x86.ActiveCfg = Release|Any CPU
		{63D18EF8-F5C5-4FCA-A02D-60BF4520FEBA}.Release|x86.Build.0 = Release|Any CPU
		{5DD4B582-299C-43F9-9A7B-D43FDF7248B2}.Debug|Any CPU.ActiveCfg = Debug|Any CPU
		{5DD4B582-299C-43F9-9A7B-D43FDF7248B2}.Debug|Any CPU.Build.0 = Debug|Any CPU
		{5DD4B582-299C-43F9-9A7B-D43FDF7248B2}.Debug|x64.ActiveCfg = Debug|Any CPU
		{5DD4B582-299C-43F9-9A7B-D43FDF7248B2}.Debug|x64.Build.0 = Debug|Any CPU
		{5DD4B582-299C-43F9-9A7B-D43FDF7248B2}.Debug|x86.ActiveCfg = Debug|Any CPU
		{5DD4B582-299C-43F9-9A7B-D43FDF7248B2}.Debug|x86.Build.0 = Debug|Any CPU
		{5DD4B582-299C-43F9-9A7B-D43FDF7248B2}.Release|Any CPU.ActiveCfg = Release|Any CPU
		{5DD4B582-299C-43F9-9A7B-D43FDF7248B2}.Release|Any CPU.Build.0 = Release|Any CPU
		{5DD4B582-299C-43F9-9A7B-D43FDF7248B2}.Release|x64.ActiveCfg = Release|Any CPU
		{5DD4B582-299C-43F9-9A7B-D43FDF7248B2}.Release|x64.Build.0 = Release|Any CPU
		{5DD4B582-299C-43F9-9A7B-D43FDF7248B2}.Release|x86.ActiveCfg = Release|Any CPU
		{5DD4B582-299C-43F9-9A7B-D43FDF7248B2}.Release|x86.Build.0 = Release|Any CPU
	EndGlobalSection
	GlobalSection(SolutionProperties) = preSolution
		HideSolutionNode = FALSE
	EndGlobalSection
EndGlobal
